
Microsoft Visual Studio Solution File, Format Version 12.00
# Visual Studio 2012
Project("{FAE04EC0-301F-11D3-BF4B-00C04F79EFBC}") = "FlexStringComparator", "FlexStringComparator.csproj", "{83B8ECC2-D975-4E80-8361-2E5856687EEF}"
EndProject
Global
	GlobalSection(SolutionConfigurationPlatforms) = preSolution
		Debug|Any CPU = Debug|Any CPU
		Release|Any CPU = Release|Any CPU
	EndGlobalSection
	GlobalSection(ProjectConfigurationPlatforms) = postSolution
		{83B8ECC2-D975-4E80-8361-2E5856687EEF}.Debug|Any CPU.ActiveCfg = Debug|Any CPU
		{83B8ECC2-D975-4E80-8361-2E5856687EEF}.Debug|Any CPU.Build.0 = Debug|Any CPU
		{83B8ECC2-D975-4E80-8361-2E5856687EEF}.Release|Any CPU.ActiveCfg = Release|Any CPU
		{83B8ECC2-D975-4E80-8361-2E5856687EEF}.Release|Any CPU.Build.0 = Release|Any CPU
	EndGlobalSection
	GlobalSection(SolutionProperties) = preSolution
		HideSolutionNode = FALSE
	EndGlobalSection
EndGlobal
